// !$*UTF8*$!
{
	archiveVersion = 1;
	classes = {
	};
	objectVersion = 46;
	objects = {

/* Begin PBXBuildFile section */
		4645EAA71C0D44EB00C55402 /* AppDelegate.swift in Sources */ = {isa = PBXBuildFile; fileRef = 4645EAA61C0D44EB00C55402 /* AppDelegate.swift */; };
		4645EAA91C0D44EB00C55402 /* ViewController.swift in Sources */ = {isa = PBXBuildFile; fileRef = 4645EAA81C0D44EB00C55402 /* ViewController.swift */; };
		4645EAAC1C0D44EB00C55402 /* Main.storyboard in Resources */ = {isa = PBXBuildFile; fileRef = 4645EAAA1C0D44EB00C55402 /* Main.storyboard */; };
		4645EAAE1C0D44EB00C55402 /* Assets.xcassets in Resources */ = {isa = PBXBuildFile; fileRef = 4645EAAD1C0D44EB00C55402 /* Assets.xcassets */; };
		4645EAB11C0D44EB00C55402 /* LaunchScreen.storyboard in Resources */ = {isa = PBXBuildFile; fileRef = 4645EAAF1C0D44EB00C55402 /* LaunchScreen.storyboard */; };
		4645EABC1C0D44EC00C55402 /* red_vs_blueTests.swift in Sources */ = {isa = PBXBuildFile; fileRef = 4645EABB1C0D44EC00C55402 /* red_vs_blueTests.swift */; };
		4645EAC71C0D44EC00C55402 /* red_vs_blueUITests.swift in Sources */ = {isa = PBXBuildFile; fileRef = 4645EAC61C0D44EC00C55402 /* red_vs_blueUITests.swift */; };
		4645EAD61C0D456900C55402 /* blue ghost.jpeg in Resources */ = {isa = PBXBuildFile; fileRef = 4645EAD41C0D456900C55402 /* blue ghost.jpeg */; };
		4645EAD71C0D456900C55402 /* red ghost.png in Resources */ = {isa = PBXBuildFile; fileRef = 4645EAD51C0D456900C55402 /* red ghost.png */; };
/* End PBXBuildFile section */

/* Begin PBXContainerItemProxy section */
		4645EAB81C0D44EC00C55402 /* PBXContainerItemProxy */ = {
			isa = PBXContainerItemProxy;
			containerPortal = 4645EA9B1C0D44EB00C55402 /* Project object */;
			proxyType = 1;
			remoteGlobalIDString = 4645EAA21C0D44EB00C55402;
			remoteInfo = "red vs blue";
		};
		4645EAC31C0D44EC00C55402 /* PBXContainerItemProxy */ = {
			isa = PBXContainerItemProxy;
			containerPortal = 4645EA9B1C0D44EB00C55402 /* Project object */;
			proxyType = 1;
			remoteGlobalIDString = 4645EAA21C0D44EB00C55402;
			remoteInfo = "red vs blue";
		};
/* End PBXContainerItemProxy section */

/* Begin PBXFileReference section */
		4645EAA31C0D44EB00C55402 /* red vs blue.app */ = {isa = PBXFileReference; explicitFileType = wrapper.application; includeInIndex = 0; path = "red vs blue.app"; sourceTree = BUILT_PRODUCTS_DIR; };
		4645EAA61C0D44EB00C55402 /* AppDelegate.swift */ = {isa = PBXFileReference; lastKnownFileType = sourcecode.swift; path = AppDelegate.swift; sourceTree = "<group>"; };
		4645EAA81C0D44EB00C55402 /* ViewController.swift */ = {isa = PBXFileReference; lastKnownFileType = sourcecode.swift; path = ViewController.swift; sourceTree = "<group>"; };
		4645EAAB1C0D44EB00C55402 /* Base */ = {isa = PBXFileReference; lastKnownFileType = file.storyboard; name = Base; path = Base.lproj/Main.storyboard; sourceTree = "<group>"; };
		4645EAAD1C0D44EB00C55402 /* Assets.xcassets */ = {isa = PBXFileReference; lastKnownFileType = folder.assetcatalog; path = Assets.xcassets; sourceTree = "<group>"; };
		4645EAB01C0D44EB00C55402 /* Base */ = {isa = PBXFileReference; lastKnownFileType = file.storyboard; name = Base; path = Base.lproj/LaunchScreen.storyboard; sourceTree = "<group>"; };
		4645EAB21C0D44EB00C55402 /* Info.plist */ = {isa = PBXFileReference; lastKnownFileType = text.plist.xml; path = Info.plist; sourceTree = "<group>"; };
		4645EAB71C0D44EC00C55402 /* red vs blueTests.xctest */ = {isa = PBXFileReference; explicitFileType = wrapper.cfbundle; includeInIndex = 0; path = "red vs blueTests.xctest"; sourceTree = BUILT_PRODUCTS_DIR; };
		4645EABB1C0D44EC00C55402 /* red_vs_blueTests.swift */ = {isa = PBXFileReference; lastKnownFileType = sourcecode.swift; path = red_vs_blueTests.swift; sourceTree = "<group>"; };
		4645EABD1C0D44EC00C55402 /* Info.plist */ = {isa = PBXFileReference; lastKnownFileType = text.plist.xml; path = Info.plist; sourceTree = "<group>"; };
		4645EAC21C0D44EC00C55402 /* red vs blueUITests.xctest */ = {isa = PBXFileReference; explicitFileType = wrapper.cfbundle; includeInIndex = 0; path = "red vs blueUITests.xctest"; sourceTree = BUILT_PRODUCTS_DIR; };
		4645EAC61C0D44EC00C55402 /* red_vs_blueUITests.swift */ = {isa = PBXFileReference; lastKnownFileType = sourcecode.swift; path = red_vs_blueUITests.swift; sourceTree = "<group>"; };
		4645EAC81C0D44EC00C55402 /* Info.plist */ = {isa = PBXFileReference; lastKnownFileType = text.plist.xml; path = Info.plist; sourceTree = "<group>"; };
		4645EAD41C0D456900C55402 /* blue ghost.jpeg */ = {isa = PBXFileReference; lastKnownFileType = image.jpeg; name = "blue ghost.jpeg"; path = "Assets.xcassets/blue ghost.jpeg"; sourceTree = "<group>"; };
		4645EAD51C0D456900C55402 /* red ghost.png */ = {isa = PBXFileReference; lastKnownFileType = image.png; name = "red ghost.png"; path = "Assets.xcassets/red ghost.png"; sourceTree = "<group>"; };
/* End PBXFileReference section */

/* Begin PBXFrameworksBuildPhase section */
		4645EAA01C0D44EB00C55402 /* Frameworks */ = {
			isa = PBXFrameworksBuildPhase;
			buildActionMask = 2147483647;
			files = (
			);
			runOnlyForDeploymentPostprocessing = 0;
		};
		4645EAB41C0D44EC00C55402 /* Frameworks */ = {
			isa = PBXFrameworksBuildPhase;
			buildActionMask = 2147483647;
			files = (
			);
			runOnlyForDeploymentPostprocessing = 0;
		};
		4645EABF1C0D44EC00C55402 /* Frameworks */ = {
			isa = PBXFrameworksBuildPhase;
			buildActionMask = 2147483647;
			files = (
			);
			runOnlyForDeploymentPostprocessing = 0;
		};
/* End PBXFrameworksBuildPhase section */

/* Begin PBXGroup section */
		4645EA9A1C0D44EB00C55402 = {
			isa = PBXGroup;
			children = (
				4645EAA51C0D44EB00C55402 /* red vs blue */,
				4645EABA1C0D44EC00C55402 /* red vs blueTests */,
				4645EAC51C0D44EC00C55402 /* red vs blueUITests */,
				4645EAA41C0D44EB00C55402 /* Products */,
			);
			sourceTree = "<group>";
		};
		4645EAA41C0D44EB00C55402 /* Products */ = {
			isa = PBXGroup;
			children = (
				4645EAA31C0D44EB00C55402 /* red vs blue.app */,
				4645EAB71C0D44EC00C55402 /* red vs blueTests.xctest */,
				4645EAC21C0D44EC00C55402 /* red vs blueUITests.xctest */,
			);
			name = Products;
			sourceTree = "<group>";
		};
		4645EAA51C0D44EB00C55402 /* red vs blue */ = {
			isa = PBXGroup;
			children = (
				4645EAA61C0D44EB00C55402 /* AppDelegate.swift */,
				4645EAA81C0D44EB00C55402 /* ViewController.swift */,
				4645EAAA1C0D44EB00C55402 /* Main.storyboard */,
				4645EAAD1C0D44EB00C55402 /* Assets.xcassets */,
				4645EAD41C0D456900C55402 /* blue ghost.jpeg */,
				4645EAD51C0D456900C55402 /* red ghost.png */,
				4645EAAF1C0D44EB00C55402 /* LaunchScreen.storyboard */,
				4645EAB21C0D44EB00C55402 /* Info.plist */,
			);
			path = "red vs blue";
			sourceTree = "<group>";
		};
		4645EABA1C0D44EC00C55402 /* red vs blueTests */ = {
			isa = PBXGroup;
			children = (
				4645EABB1C0D44EC00C55402 /* red_vs_blueTests.swift */,
				4645EABD1C0D44EC00C55402 /* Info.plist */,
			);
			path = "red vs blueTests";
			sourceTree = "<group>";
		};
		4645EAC51C0D44EC00C55402 /* red vs blueUITests */ = {
			isa = PBXGroup;
			children = (
				4645EAC61C0D44EC00C55402 /* red_vs_blueUITests.swift */,
				4645EAC81C0D44EC00C55402 /* Info.plist */,
			);
			path = "red vs blueUITests";
			sourceTree = "<group>";
		};
/* End PBXGroup section */

/* Begin PBXNativeTarget section */
		4645EAA21C0D44EB00C55402 /* red vs blue */ = {
			isa = PBXNativeTarget;
			buildConfigurationList = 4645EACB1C0D44EC00C55402 /* Build configuration list for PBXNativeTarget "red vs blue" */;
			buildPhases = (
				4645EA9F1C0D44EB00C55402 /* Sources */,
				4645EAA01C0D44EB00C55402 /* Frameworks */,
				4645EAA11C0D44EB00C55402 /* Resources */,
			);
			buildRules = (
			);
			dependencies = (
			);
			name = "red vs blue";
			productName = "red vs blue";
			productReference = 4645EAA31C0D44EB00C55402 /* red vs blue.app */;
			productType = "com.apple.product-type.application";
		};
		4645EAB61C0D44EC00C55402 /* red vs blueTests */ = {
			isa = PBXNativeTarget;
			buildConfigurationList = 4645EACE1C0D44EC00C55402 /* Build configuration list for PBXNativeTarget "red vs blueTests" */;
			buildPhases = (
				4645EAB31C0D44EC00C55402 /* Sources */,
				4645EAB41C0D44EC00C55402 /* Frameworks */,
				4645EAB51C0D44EC00C55402 /* Resources */,
			);
			buildRules = (
			);
			dependencies = (
				4645EAB91C0D44EC00C55402 /* PBXTargetDependency */,
			);
			name = "red vs blueTests";
			productName = "red vs blueTests";
			productReference = 4645EAB71C0D44EC00C55402 /* red vs blueTests.xctest */;
			productType = "com.apple.product-type.bundle.unit-test";
		};
		4645EAC11C0D44EC00C55402 /* red vs blueUITests */ = {
			isa = PBXNativeTarget;
			buildConfigurationList = 4645EAD11C0D44EC00C55402 /* Build configuration list for PBXNativeTarget "red vs blueUITests" */;
			buildPhases = (
				4645EABE1C0D44EC00C55402 /* Sources */,
				4645EABF1C0D44EC00C55402 /* Frameworks */,
				4645EAC01C0D44EC00C55402 /* Resources */,
			);
			buildRules = (
			);
			dependencies = (
				4645EAC41C0D44EC00C55402 /* PBXTargetDependency */,
			);
			name = "red vs blueUITests";
			productName = "red vs blueUITests";
			productReference = 4645EAC21C0D44EC00C55402 /* red vs blueUITests.xctest */;
			productType = "com.apple.product-type.bundle.ui-testing";
		};
/* End PBXNativeTarget section */

/* Begin PBXProject section */
		4645EA9B1C0D44EB00C55402 /* Project object */ = {
			isa = PBXProject;
			attributes = {
				LastSwiftUpdateCheck = 0710;
				LastUpgradeCheck = 0710;
				ORGANIZATIONNAME = com.orangemelt;
				TargetAttributes = {
					4645EAA21C0D44EB00C55402 = {
						CreatedOnToolsVersion = 7.1.1;
					};
					4645EAB61C0D44EC00C55402 = {
						CreatedOnToolsVersion = 7.1.1;
						TestTargetID = 4645EAA21C0D44EB00C55402;
					};
					4645EAC11C0D44EC00C55402 = {
						CreatedOnToolsVersion = 7.1.1;
						TestTargetID = 4645EAA21C0D44EB00C55402;
					};
				};
			};
			buildConfigurationList = 4645EA9E1C0D44EB00C55402 /* Build configuration list for PBXProject "red vs blue" */;
			compatibilityVersion = "Xcode 3.2";
			developmentRegion = English;
			hasScannedForEncodings = 0;
			knownRegions = (
				en,
				Base,
			);
			mainGroup = 4645EA9A1C0D44EB00C55402;
			productRefGroup = 4645EAA41C0D44EB00C55402 /* Products */;
			projectDirPath = "";
			projectRoot = "";
			targets = (
				4645EAA21C0D44EB00C55402 /* red vs blue */,
				4645EAB61C0D44EC00C55402 /* red vs blueTests */,
				4645EAC11C0D44EC00C55402 /* red vs blueUITests */,
			);
		};
/* End PBXProject section */

/* Begin PBXResourcesBuildPhase section */
		4645EAA11C0D44EB00C55402 /* Resources */ = {
			isa = PBXResourcesBuildPhase;
			buildActionMask = 2147483647;
			files = (
				4645EAD61C0D456900C55402 /* blue ghost.jpeg in Resources */,
				4645EAB11C0D44EB00C55402 /* LaunchScreen.storyboard in Resources */,
				4645EAAE1C0D44EB00C55402 /* Assets.xcassets in Resources */,
				4645EAD71C0D456900C55402 /* red ghost.png in Resources */,
				4645EAAC1C0D44EB00C55402 /* Main.storyboard in Resources */,
			);
			runOnlyForDeploymentPostprocessing = 0;
		};
		4645EAB51C0D44EC00C55402 /* Resources */ = {
			isa = PBXResourcesBuildPhase;
			buildActionMask = 2147483647;
			files = (
			);
			runOnlyForDeploymentPostprocessing = 0;
		};
		4645EAC01C0D44EC00C55402 /* Resources */ = {
			isa = PBXResourcesBuildPhase;
			buildActionMask = 2147483647;
			files = (
			);
			runOnlyForDeploymentPostprocessing = 0;
		};
/* End PBXResourcesBuildPhase section */

/* Begin PBXSourcesBuildPhase section */
		4645EA9F1C0D44EB00C55402 /* Sources */ = {
			isa = PBXSourcesBuildPhase;
			buildActionMask = 2147483647;
			files = (
				4645EAA91C0D44EB00C55402 /* ViewController.swift in Sources */,
				4645EAA71C0D44EB00C55402 /* AppDelegate.swift in Sources */,
			);
			runOnlyForDeploymentPostprocessing = 0;
		};
		4645EAB31C0D44EC00C55402 /* Sources */ = {
			isa = PBXSourcesBuildPhase;
			buildActionMask = 2147483647;
			files = (
				4645EABC1C0D44EC00C55402 /* red_vs_blueTests.swift in Sources */,
			);
			runOnlyForDeploymentPostprocessing = 0;
		};
		4645EABE1C0D44EC00C55402 /* Sources */ = {
			isa = PBXSourcesBuildPhase;
			buildActionMask = 2147483647;
			files = (
				4645EAC71C0D44EC00C55402 /* red_vs_blueUITests.swift in Sources */,
			);
			runOnlyForDeploymentPostprocessing = 0;
		};
/* End PBXSourcesBuildPhase section */

/* Begin PBXTargetDependency section */
		4645EAB91C0D44EC00C55402 /* PBXTargetDependency */ = {
			isa = PBXTargetDependency;
			target = 4645EAA21C0D44EB00C55402 /* red vs blue */;
			targetProxy = 4645EAB81C0D44EC00C55402 /* PBXContainerItemProxy */;
		};
		4645EAC41C0D44EC00C55402 /* PBXTargetDependency */ = {
			isa = PBXTargetDependency;
			target = 4645EAA21C0D44EB00C55402 /* red vs blue */;
			targetProxy = 4645EAC31C0D44EC00C55402 /* PBXContainerItemProxy */;
		};
/* End PBXTargetDependency section */

/* Begin PBXVariantGroup section */
		4645EAAA1C0D44EB00C55402 /* Main.storyboard */ = {
			isa = PBXVariantGroup;
			children = (
				4645EAAB1C0D44EB00C55402 /* Base */,
			);
			name = Main.storyboard;
			sourceTree = "<group>";
		};
		4645EAAF1C0D44EB00C55402 /* LaunchScreen.storyboard */ = {
			isa = PBXVariantGroup;
			children = (
				4645EAB01C0D44EB00C55402 /* Base */,
			);
			name = LaunchScreen.storyboard;
			sourceTree = "<group>";
		};
/* End PBXVariantGroup section */

/* Begin XCBuildConfiguration section */
		4645EAC91C0D44EC00C55402 /* Debug */ = {
			isa = XCBuildConfiguration;
			buildSettings = {
				ALWAYS_SEARCH_USER_PATHS = NO;
				CLANG_CXX_LANGUAGE_STANDARD = "gnu++0x";
				CLANG_CXX_LIBRARY = "libc++";
				CLANG_ENABLE_MODULES = YES;
				CLANG_ENABLE_OBJC_ARC = YES;
				CLANG_WARN_BOOL_CONVERSION = YES;
				CLANG_WARN_CONSTANT_CONVERSION = YES;
				CLANG_WARN_DIRECT_OBJC_ISA_USAGE = YES_ERROR;
				CLANG_WARN_EMPTY_BODY = YES;
				CLANG_WARN_ENUM_CONVERSION = YES;
				CLANG_WARN_INT_CONVERSION = YES;
				CLANG_WARN_OBJC_ROOT_CLASS = YES_ERROR;
				CLANG_WARN_UNREACHABLE_CODE = YES;
				CLANG_WARN__DUPLICATE_METHOD_MATCH = YES;
				"CODE_SIGN_IDENTITY[sdk=iphoneos*]" = "iPhone Developer";
				COPY_PHASE_STRIP = NO;
				DEBUG_INFORMATION_FORMAT = dwarf;
				ENABLE_STRICT_OBJC_MSGSEND = YES;
				ENABLE_TESTABILITY = YES;
				GCC_C_LANGUAGE_STANDARD = gnu99;
				GCC_DYNAMIC_NO_PIC = NO;
				GCC_NO_COMMON_BLOCKS = YES;
				GCC_OPTIMIZATION_LEVEL = 0;
				GCC_PREPROCESSOR_DEFINITIONS = (
					"DEBUG=1",
					"$(inherited)",
				);
				GCC_WARN_64_TO_32_BIT_CONVERSION = YES;
				GCC_WARN_ABOUT_RETURN_TYPE = YES_ERROR;
				GCC_WARN_UNDECLARED_SELECTOR = YES;
				GCC_WARN_UNINITIALIZED_AUTOS = YES_AGGRESSIVE;
				GCC_WARN_UNUSED_FUNCTION = YES;
				GCC_WARN_UNUSED_VARIABLE = YES;
				IPHONEOS_DEPLOYMENT_TARGET = 9.1;
				MTL_ENABLE_DEBUG_INFO = YES;
				ONLY_ACTIVE_ARCH = YES;
				SDKROOT = iphoneos;
				SWIFT_OPTIMIZATION_LEVEL = "-Onone";
			};
			name = Debug;
		};
		4645EACA1C0D44EC00C55402 /* Release */ = {
			isa = XCBuildConfiguration;
			buildSettings = {
				ALWAYS_SEARCH_USER_PATHS = NO;
				CLANG_CXX_LANGUAGE_STANDARD = "gnu++0x";
				CLANG_CXX_LIBRARY = "libc++";
				CLANG_ENABLE_MODULES = YES;
				CLANG_ENABLE_OBJC_ARC = YES;
				CLANG_WARN_BOOL_CONVERSION = YES;
				CLANG_WARN_CONSTANT_CONVERSION = YES;
				CLANG_WARN_DIRECT_OBJC_ISA_USAGE = YES_ERROR;
				CLANG_WARN_EMPTY_BODY = YES;
				CLANG_WARN_ENUM_CONVERSION = YES;
				CLANG_WARN_INT_CONVERSION = YES;
				CLANG_WARN_OBJC_ROOT_CLASS = YES_ERROR;
				CLANG_WARN_UNREACHABLE_CODE = YES;
				CLANG_WARN__DUPLICATE_METHOD_MATCH = YES;
				"CODE_SIGN_IDENTITY[sdk=iphoneos*]" = "iPhone Developer";
				COPY_PHASE_STRIP = NO;
				DEBUG_INFORMATION_FORMAT = "dwarf-with-dsym";
				ENABLE_NS_ASSERTIONS = NO;
				ENABLE_STRICT_OBJC_MSGSEND = YES;
				GCC_C_LANGUAGE_STANDARD = gnu99;
				GCC_NO_COMMON_BLOCKS = YES;
				GCC_WARN_64_TO_32_BIT_CONVERSION = YES;
				GCC_WARN_ABOUT_RETURN_TYPE = YES_ERROR;
				GCC_WARN_UNDECLARED_SELECTOR = YES;
				GCC_WARN_UNINITIALIZED_AUTOS = YES_AGGRESSIVE;
				GCC_WARN_UNUSED_FUNCTION = YES;
				GCC_WARN_UNUSED_VARIABLE = YES;
				IPHONEOS_DEPLOYMENT_TARGET = 9.1;
				MTL_ENABLE_DEBUG_INFO = NO;
				SDKROOT = iphoneos;
				VALIDATE_PRODUCT = YES;
			};
			name = Release;
		};
		4645EACC1C0D44EC00C55402 /* Debug */ = {
			isa = XCBuildConfiguration;
			buildSettings = {
				ASSETCATALOG_COMPILER_APPICON_NAME = AppIcon;
				INFOPLIST_FILE = "red vs blue/Info.plist";
				LD_RUNPATH_SEARCH_PATHS = "$(inherited) @executable_path/Frameworks";
				PRODUCT_BUNDLE_IDENTIFIER = "orangemelt.red-vs-blue";
				PRODUCT_NAME = "$(TARGET_NAME)";
			};
			name = Debug;
		};
		4645EACD1C0D44EC00C55402 /* Release */ = {
			isa = XCBuildConfiguration;
			buildSettings = {
				ASSETCATALOG_COMPILER_APPICON_NAME = AppIcon;
				INFOPLIST_FILE = "red vs blue/Info.plist";
				LD_RUNPATH_SEARCH_PATHS = "$(inherited) @executable_path/Frameworks";
				PRODUCT_BUNDLE_IDENTIFIER = "orangemelt.red-vs-blue";
				PRODUCT_NAME = "$(TARGET_NAME)";
			};
			name = Release;
		};
		4645EACF1C0D44EC00C55402 /* Debug */ = {
			isa = XCBuildConfiguration;
			buildSettings = {
				BUNDLE_LOADER = "$(TEST_HOST)";
				INFOPLIST_FILE = "red vs blueTests/Info.plist";
				LD_RUNPATH_SEARCH_PATHS = "$(inherited) @executable_path/Frameworks @loader_path/Frameworks";
				PRODUCT_BUNDLE_IDENTIFIER = "orangemelt.red-vs-blueTests";
				PRODUCT_NAME = "$(TARGET_NAME)";
				TEST_HOST = "$(BUILT_PRODUCTS_DIR)/red vs blue.app/red vs blue";
			};
			name = Debug;
		};
		4645EAD01C0D44EC00C55402 /* Release */ = {
			isa = XCBuildConfiguration;
			buildSettings = {
				BUNDLE_LOADER = "$(TEST_HOST)";
				INFOPLIST_FILE = "red vs blueTests/Info.plist";
				LD_RUNPATH_SEARCH_PATHS = "$(inherited) @executable_path/Frameworks @loader_path/Frameworks";
				PRODUCT_BUNDLE_IDENTIFIER = "orangemelt.red-vs-blueTests";
				PRODUCT_NAME = "$(TARGET_NAME)";
				TEST_HOST = "$(BUILT_PRODUCTS_DIR)/red vs blue.app/red vs blue";
			};
			name = Release;
		};
		4645EAD21C0D44EC00C55402 /* Debug */ = {
			isa = XCBuildConfiguration;
			buildSettings = {
				INFOPLIST_FILE = "red vs blueUITests/Info.plist";
				LD_RUNPATH_SEARCH_PATHS = "$(inherited) @executable_path/Frameworks @loader_path/Frameworks";
				PRODUCT_BUNDLE_IDENTIFIER = "orangemelt.red-vs-blueUITests";
				PRODUCT_NAME = "$(TARGET_NAME)";
				TEST_TARGET_NAME = "red vs blue";
				USES_XCTRUNNER = YES;
			};
			name = Debug;
		};
		4645EAD31C0D44EC00C55402 /* Release */ = {
			isa = XCBuildConfiguration;
			buildSettings = {
				INFOPLIST_FILE = "red vs blueUITests/Info.plist";
				LD_RUNPATH_SEARCH_PATHS = "$(inherited) @executable_path/Frameworks @loader_path/Frameworks";
				PRODUCT_BUNDLE_IDENTIFIER = "orangemelt.red-vs-blueUITests";
				PRODUCT_NAME = "$(TARGET_NAME)";
				TEST_TARGET_NAME = "red vs blue";
				USES_XCTRUNNER = YES;
			};
			name = Release;
		};
/* End XCBuildConfiguration section */

/* Begin XCConfigurationList section */
		4645EA9E1C0D44EB00C55402 /* Build configuration list for PBXProject "red vs blue" */ = {
			isa = XCConfigurationList;
			buildConfigurations = (
				4645EAC91C0D44EC00C55402 /* Debug */,
				4645EACA1C0D44EC00C55402 /* Release */,
			);
			defaultConfigurationIsVisible = 0;
			defaultConfigurationName = Release;
		};
		4645EACB1C0D44EC00C55402 /* Build configuration list for PBXNativeTarget "red vs blue" */ = {
			isa = XCConfigurationList;
			buildConfigurations = (
				4645EACC1C0D44EC00C55402 /* Debug */,
				4645EACD1C0D44EC00C55402 /* Release */,
			);
			defaultConfigurationIsVisible = 0;
		};
		4645EACE1C0D44EC00C55402 /* Build configuration list for PBXNativeTarget "red vs blueTests" */ = {
			isa = XCConfigurationList;
			buildConfigurations = (
				4645EACF1C0D44EC00C55402 /* Debug */,
				4645EAD01C0D44EC00C55402 /* Release */,
			);
			defaultConfigurationIsVisible = 0;
		};
		4645EAD11C0D44EC00C55402 /* Build configuration list for PBXNativeTarget "red vs blueUITests" */ = {
			isa = XCConfigurationList;
			buildConfigurations = (
				4645EAD21C0D44EC00C55402 /* Debug */,
				4645EAD31C0D44EC00C55402 /* Release */,
			);
			defaultConfigurationIsVisible = 0;
		};
/* End XCConfigurationList section */
	};
	rootObject = 4645EA9B1C0D44EB00C55402 /* Project object */;
}
